
Microsoft Visual Studio Solution File, Format Version 12.00
# Visual Studio 15
Project("{FAE04EC0-301F-11D3-BF4B-00C04F79EFBC}") = "SOLID-principles", "SOLID-principles\SOLID-principles.csproj", "{C1EFB5F9-6522-48B1-84E7-ABF0D0E5B0C5}"
EndProject
Project("{FAE04EC0-301F-11D3-BF4B-00C04F79EFBC}") = "SOLID-principles-Test", "SOLID-principles-Test\SOLID-principles-Test.csproj", "{3BAFF562-41EA-4685-BE4A-23CFEAD56649}"
EndProject
Global
	GlobalSection(SolutionConfigurationPlatforms) = preSolution
		Debug|Any CPU = Debug|Any CPU
		Release|Any CPU = Release|Any CPU
	EndGlobalSection
	GlobalSection(ProjectConfigurationPlatforms) = postSolution
		{C1EFB5F9-6522-48B1-84E7-ABF0D0E5B0C5}.Debug|Any CPU.ActiveCfg = Debug|Any CPU
		{C1EFB5F9-6522-48B1-84E7-ABF0D0E5B0C5}.Debug|Any CPU.Build.0 = Debug|Any CPU
		{C1EFB5F9-6522-48B1-84E7-ABF0D0E5B0C5}.Release|Any CPU.ActiveCfg = Release|Any CPU
		{C1EFB5F9-6522-48B1-84E7-ABF0D0E5B0C5}.Release|Any CPU.Build.0 = Release|Any CPU
		{3BAFF562-41EA-4685-BE4A-23CFEAD56649}.Debug|Any CPU.ActiveCfg = Debug|Any CPU
		{3BAFF562-41EA-4685-BE4A-23CFEAD56649}.Debug|Any CPU.Build.0 = Debug|Any CPU
		{3BAFF562-41EA-4685-BE4A-23CFEAD56649}.Release|Any CPU.ActiveCfg = Release|Any CPU
		{3BAFF562-41EA-4685-BE4A-23CFEAD56649}.Release|Any CPU.Build.0 = Release|Any CPU
	EndGlobalSection
EndGlobal
